# This file was autogenerated by uv via the following command:
#    uv pip compile archive/requirements-diarization.txt --python-version 3.12 --python-platform x86_64-manylinux_2_28 --generate-hashes --output-file archive/requirements-diarization.lock
numpy==2.3.2 \
    --hash=sha256:07b62978075b67eee4065b166d000d457c82a1efe726cce608b9db9dd66a73a5 \
    --hash=sha256:087ffc25890d89a43536f75c5fe8770922008758e8eeeef61733957041ed2f9b \
    --hash=sha256:092aeb3449833ea9c0bf0089d70c29ae480685dd2377ec9cdbbb620257f84631 \
    --hash=sha256:095737ed986e00393ec18ec0b21b47c22889ae4b0cd2d5e88342e08b01141f58 \
    --hash=sha256:0a4f2021a6da53a0d580d6ef5db29947025ae8b35b3250141805ea9a32bbe86b \
    --hash=sha256:103ea7063fa624af04a791c39f97070bf93b96d7af7eb23530cd087dc8dbe9dc \
    --hash=sha256:11e58218c0c46c80509186e460d79fbdc9ca1eb8d8aee39d8f2dc768eb781089 \
    --hash=sha256:122bf5ed9a0221b3419672493878ba4967121514b1d7d4656a7580cd11dddcbf \
    --hash=sha256:14a91ebac98813a49bc6aa1a0dfc09513dcec1d97eaf31ca21a87221a1cdcb15 \
    --hash=sha256:1f91e5c028504660d606340a084db4b216567ded1056ea2b4be4f9d10b67197f \
    --hash=sha256:20b8200721840f5621b7bd03f8dcd78de33ec522fc40dc2641aa09537df010c3 \
    --hash=sha256:240259d6564f1c65424bcd10f435145a7644a65a6811cfc3201c4a429ba79170 \
    --hash=sha256:2738534837c6a1d0c39340a190177d7d66fdf432894f469728da901f8f6dc910 \
    --hash=sha256:27c9f90e7481275c7800dc9c24b7cc40ace3fdb970ae4d21eaff983a32f70c91 \
    --hash=sha256:293b2192c6bcce487dbc6326de5853787f870aeb6c43f8f9c6496db5b1781e45 \
    --hash=sha256:2c3271cc4097beb5a60f010bcc1cc204b300bb3eafb4399376418a83a1c6373c \
    --hash=sha256:2f4f0215edb189048a3c03bd5b19345bdfa7b45a7a6f72ae5945d2a28272727f \
    --hash=sha256:3dcf02866b977a38ba3ec10215220609ab9667378a9e2150615673f3ffd6c73b \
    --hash=sha256:4209f874d45f921bde2cff1ffcd8a3695f545ad2ffbef6d3d3c6768162efab89 \
    --hash=sha256:448a66d052d0cf14ce9865d159bfc403282c9bc7bb2a31b03cc18b651eca8b1a \
    --hash=sha256:4ae6863868aaee2f57503c7a5052b3a2807cf7a3914475e637a0ecd366ced220 \
    --hash=sha256:4d002ecf7c9b53240be3bb69d80f86ddbd34078bae04d87be81c1f58466f264e \
    --hash=sha256:4e6ecfeddfa83b02318f4d84acf15fbdbf9ded18e46989a15a8b6995dfbf85ab \
    --hash=sha256:508b0eada3eded10a3b55725b40806a4b855961040180028f52580c4729916a2 \
    --hash=sha256:546aaf78e81b4081b2eba1d105c3b34064783027a06b3ab20b6eba21fb64132b \
    --hash=sha256:572d5512df5470f50ada8d1972c5f1082d9a0b7aa5944db8084077570cf98370 \
    --hash=sha256:5ad4ebcb683a1f99f4f392cc522ee20a18b2bb12a2c1c42c3d48d5a1adc9d3d2 \
    --hash=sha256:66459dccc65d8ec98cc7df61307b64bf9e08101f9598755d42d8ae65d9a7a6ee \
    --hash=sha256:6936aff90dda378c09bea075af0d9c675fe3a977a9d2402f95a87f440f59f619 \
    --hash=sha256:69779198d9caee6e547adb933941ed7520f896fd9656834c300bdf4dd8642712 \
    --hash=sha256:6f1ae3dcb840edccc45af496f312528c15b1f79ac318169d094e85e4bb35fdf1 \
    --hash=sha256:71669b5daae692189540cffc4c439468d35a3f84f0c88b078ecd94337f6cb0ec \
    --hash=sha256:72c6df2267e926a6d5286b0a6d556ebe49eae261062059317837fda12ddf0c1a \
    --hash=sha256:72dbebb2dcc8305c431b2836bcc66af967df91be793d63a24e3d9b741374c450 \
    --hash=sha256:754d6755d9a7588bdc6ac47dc4ee97867271b17cee39cb87aef079574366db0a \
    --hash=sha256:76c3e9501ceb50b2ff3824c3589d5d1ab4ac857b0ee3f8f49629d0de55ecf7c2 \
    --hash=sha256:7a0e27186e781a69959d0230dd9909b5e26024f8da10683bd6344baea1885168 \
    --hash=sha256:7d6e390423cc1f76e1b8108c9b6889d20a7a1f59d9a60cac4a050fa734d6c1e2 \
    --hash=sha256:8145dd6d10df13c559d1e4314df29695613575183fa2e2d11fac4c208c8a1f73 \
    --hash=sha256:8446acd11fe3dc1830568c941d44449fd5cb83068e5c70bd5a470d323d448296 \
    --hash=sha256:852ae5bed3478b92f093e30f785c98e0cb62fa0a939ed057c31716e18a7a22b9 \
    --hash=sha256:87c930d52f45df092f7578889711a0768094debf73cfcde105e2d66954358125 \
    --hash=sha256:8b1224a734cd509f70816455c3cffe13a4f599b1bf7130f913ba0e2c0b2006c0 \
    --hash=sha256:8dc082ea901a62edb8f59713c6a7e28a85daddcb67454c839de57656478f5b19 \
    --hash=sha256:906a30249315f9c8e17b085cc5f87d3f369b35fedd0051d4a84686967bdbbd0b \
    --hash=sha256:938065908d1d869c7d75d8ec45f735a034771c6ea07088867f713d1cd3bbbe4f \
    --hash=sha256:9c144440db4bf3bb6372d2c3e49834cc0ff7bb4c24975ab33e01199e645416f2 \
    --hash=sha256:9e196ade2400c0c737d93465327d1ae7c06c7cb8a1756121ebf54b06ca183c7f \
    --hash=sha256:a3ef07ec8cbc8fc9e369c8dcd52019510c12da4de81367d8b20bc692aa07573a \
    --hash=sha256:a7af9ed2aa9ec5950daf05bb11abc4076a108bd3c7db9aa7251d5f107079b6a6 \
    --hash=sha256:a9f66e7d2b2d7712410d3bc5684149040ef5f19856f20277cd17ea83e5006286 \
    --hash=sha256:aa098a5ab53fa407fded5870865c6275a5cd4101cfdef8d6fafc48286a96e981 \
    --hash=sha256:af58de8745f7fa9ca1c0c7c943616c6fe28e75d0c81f5c295810e3c83b5be92f \
    --hash=sha256:b05a89f2fb84d21235f93de47129dd4f11c16f64c87c33f5e284e6a3a54e43f2 \
    --hash=sha256:b5e40e80299607f597e1a8a247ff8d71d79c5b52baa11cc1cce30aa92d2da6e0 \
    --hash=sha256:b9d0878b21e3918d76d2209c924ebb272340da1fb51abc00f986c258cd5e957b \
    --hash=sha256:bc3186bea41fae9d8e90c2b4fb5f0a1f5a690682da79b92574d63f56b529080b \
    --hash=sha256:c63d95dc9d67b676e9108fe0d2182987ccb0f11933c1e8959f42fa0da8d4fa56 \
    --hash=sha256:c771cfac34a4f2c0de8e8c97312d07d64fd8f8ed45bc9f5726a7e947270152b5 \
    --hash=sha256:c8d9727f5316a256425892b043736d63e89ed15bbfe6556c5ff4d9d4448ff3b3 \
    --hash=sha256:cbc95b3813920145032412f7e33d12080f11dc776262df1712e1638207dde9e8 \
    --hash=sha256:cefc2219baa48e468e3db7e706305fcd0c095534a192a08f31e98d83a7d45fb0 \
    --hash=sha256:d95f59afe7f808c103be692175008bab926b59309ade3e6d25009e9a171f7036 \
    --hash=sha256:dd937f088a2df683cbb79dda9a772b62a3e5a8a7e76690612c2737f38c6ef1b6 \
    --hash=sha256:de6ea4e5a65d5a90c7d286ddff2b87f3f4ad61faa3db8dabe936b34c2275b6f8 \
    --hash=sha256:e0486a11ec30cdecb53f184d496d1c6a20786c81e55e41640270130056f8ee48 \
    --hash=sha256:ee807923782faaf60d0d7331f5e86da7d5e3079e28b291973c545476c2b00d07 \
    --hash=sha256:efc81393f25f14d11c9d161e46e6ee348637c0a1e8a54bf9dedc472a3fae993b \
    --hash=sha256:f0a1a8476ad77a228e41619af2fa9505cf69df928e9aaa165746584ea17fed2b \
    --hash=sha256:f75018be4980a7324edc5930fe39aa391d5734531b1926968605416ff58c332d \
    --hash=sha256:f92d6c2a8535dc4fe4419562294ff957f83a16ebdec66df0805e473ffaad8bd0 \
    --hash=sha256:fb1752a3bb9a3ad2d6b090b88a9a0ae1cd6f004ef95f75825e2f382c183b2097 \
    --hash=sha256:fc927d7f289d14f5e037be917539620603294454130b6de200091e23d27dc9be \
    --hash=sha256:fed5527c4cf10f16c6d0b6bee1f89958bccb0ad2522c8cadc2efd318bcd545f5
    # via -r archive/requirements-diarization.txt
sherpa-onnx==1.13.5 \
    --hash=sha256:001e1c3440fe335a589c9283a68105f379ffb63f2d1d7c2878e99a5d72eaf5af \
    --hash=sha256:02c140fbdbfd03b4e1d1a6f041b4328bd5e6d1fc2fd4090aca444fe1394b326f \
    --hash=sha256:05727b7db37b79a545d59b4bffc8e23078b2b8e6cb6c0ce2da0299f10628f936 \
    --hash=sha256:05a3effd8ea5ee78735bc28909c0fce26d9f23bf61db663e6f75f04ec0247ba4 \
    --hash=sha256:0df008c09e744a1fafa15a91427ca8df51fef9ae1f65134cbad4e7c95f0bc1ee \
    --hash=sha256:14bebfe71365a2c678dd94cd08efa8e79df06318b17fe8e97b2e802a7881fd5a \
    --hash=sha256:159462de9e6cf9bccb3c8bc3ac92bd3a6711733b37aa7688182a973fe4c7091c \
    --hash=sha256:15a02d9d74143f336156cb8b4da826bc65c11daa28bd5c9099e9397b3660e7df \
    --hash=sha256:1a4ea5fa45caf31093ff832ab4d198e097edbeeb2244a0d4f958e96bf888110a \
    --hash=sha256:1f1165392600997c45fd5ad4e1f85ba3809937840e071d6ac518a69c1d1db70c \
    --hash=sha256:231bad73b6b804b266de17d81b9c14fc4e8a1e3533c5d5bede5d0cf43c155a45 \
    --hash=sha256:233b116c432e237bfa5a6c10245e7fc15996414a2bafe27dff8ed46ff518cfdf \
    --hash=sha256:245a986d1c582435090e52ae2e60d0ad146e623f987a891b7c230addc15a5df2 \
    --hash=sha256:2a51751f6c925c405ef6ebcb2f7c44794810da79d0f2743fe57ee3daa5bc4df5 \
    --hash=sha256:2bdfefa5d16896c90d1685bde43682818e70b95e134dccc95b91dc0819adde1c \
    --hash=sha256:2bf44d6037ac35ae98cf9e3717744c86850003215f97ef8eb4f1f85844028784 \
    --hash=sha256:350e059c2b15879ec81775b33067b592bb8ed5c7e69fed17aacb613dd4985227 \
    --hash=sha256:371b0eb51caa12f5f3e9c327c440a4aee6f77c163c89666469844eaefb7d5351 \
    --hash=sha256:38de7f31754dfa7212beb4cc773ba05f78d028adb4c0e008920128388657f778 \
    --hash=sha256:3fb5474be91a6604583446a650822d2ffa95d25103e851ffd36893d42f99eb93 \
    --hash=sha256:3fd86ac6480589cc9b474b8a00f33ffd1f25ada7e3b3424c6dc829c0fc2c2009 \
    --hash=sha256:41d8a98dda1dac8155cb3a02d4a120d89fc3b3a88aeb4ac9cf4fd8f17a87733f \
    --hash=sha256:440174433b5d3f855a800d757e66812e998ec9715f5f42690afb27a6ff456586 \
    --hash=sha256:452bb53ca6464a6809b1ea338dd869bc05ba6b7a71b4674545b594045501b853 \
    --hash=sha256:4ad836d473ceb5a548ebe8f3fa7ee9cbb55e46835bcc6eed3faf263cc64f71c3 \
    --hash=sha256:4d6dc243be7aad695d334354fb35848540103fe21c9813d012e290f47307790c \
    --hash=sha256:54ff685b14db65de0b84395af8eebbd52c4da9652f20e9bd404dd9994a6673db \
    --hash=sha256:560abe7d067ff77b7b391cb8de0bc1221bd0c97ab83d587bba6f3a6657b4aff8 \
    --hash=sha256:62a70cadfd189766a7dfd01c8fe24aa0bc5f948be5145cb7e358050bc165a460 \
    --hash=sha256:62fc70617600af6daf355b6ab33d847355c4c316222aba97ae9b5825e77a61f1 \
    --hash=sha256:64cb492cf8a9751f632685c6f169fef7e5a2f449efb9923bc21b6e783a911dba \
    --hash=sha256:64eb5272738fc0c5c3091656fa85f631719d645a7ba2940797fade062f4f3415 \
    --hash=sha256:6a5e9b87aa817fa6f32d9e9a6df46b365419429f577242da398a60666f75711c \
    --hash=sha256:6cf8fae15b8f3a183aba148f3a43315b8495e6674b6040eaf2586c565ad9c6b8 \
    --hash=sha256:71edc8bf212572dedec084d920523bd9f594210bdfb03f610080efdefb88149b \
    --hash=sha256:7582ca42ed2d80bacc984b46904cbdd058ec2b6149a8c8996d7263217a4cc963 \
    --hash=sha256:794aa43f7e6922ac45f298ada1a31af3e3fe875bf0b35b9e875c4cc2a0553110 \
    --hash=sha256:80d9ec3ce2fe8b566285ef92fa2e72b4fa0aee10f73290ac74219fe415806980 \
    --hash=sha256:97471fe025fc1d655a1df2f4ffb5d3fe843c269f2016d5e1cca4b0d168a49169 \
    --hash=sha256:98512cd02fc5b1e4c1a2263dacd4f87630951e79083b85fa8e86cd5fa46e4f9e \
    --hash=sha256:9bf96e80f8285a45b3ceda1fb38dbb34e0c7077f746657ddecb9a63ff245957b \
    --hash=sha256:a224466e750a435089311d4c763617a4d83478a2f958c311b473ea59f9cce3ae \
    --hash=sha256:a23328e7c14690bc9b33b6c80c371adeb5474c7aeffb2dad94233041ffc953be \
    --hash=sha256:a2f1c547deb616568c5be1416013c44c0b96b8e66a4050a9b00f13cecef51d6e \
    --hash=sha256:a5871fcdbdc2467511c8018f5f58f6cdd94f4f5cc328ba7f161beda03b49dc1d \
    --hash=sha256:a703ddafd4b6b2a2169bb47c6f334ae0851fdbdfbe85b884afbb31f695f88e2d \
    --hash=sha256:a7e97d8457a51725ffa3fcb44cb1d57bfdb780bc390a9460a65e05bf3d2851b4 \
    --hash=sha256:ad661d93da2d45f21ca6f5cdbcbdd8a8381774e3876422624aee714c08619f06 \
    --hash=sha256:af6a62fea88e605bd739c80954e060d295b35209c2edc59d113ddeba35e9aed7 \
    --hash=sha256:b9bea147caf6f1cd10a82e36e00d74b9c930e40bf004037322b214897b81ecf2 \
    --hash=sha256:bde7a46bc6bf657b7887e676df005676122d05e34823bbe2d0e89e9c3316048d \
    --hash=sha256:c33a0f14c4517b5b4483f289fb91202c218ef0eb522ea3af8d523311552ea6b4 \
    --hash=sha256:cb7c1f5ca5455b3ec008f3e09438bca6038d22b4fe5d64adb5c09bb6b84eeb82 \
    --hash=sha256:d0ca9f0a271fb8ab2ca3fd5c4f224f4c2d9ae5f8b750262b63d6db343259c255 \
    --hash=sha256:d6e617c4ac54714636641f1cc65f063bdc938e3d0d81a2971c98ba887504cb34 \
    --hash=sha256:d772c4e1b7744fa7749860f819afb8e8b36d47a0cb0202cd43b68724480e1e71 \
    --hash=sha256:dabb0b01c39dc2abad612ae6b1394472d4c1fffd775a98ad1d8494d849f73b26 \
    --hash=sha256:dfedcebfe90d5079b98231e0d8ab008460c52cd44199698b464569c90dfd2124 \
    --hash=sha256:eb4d580d959e16c42dbd404cef0f5764ed1c024edf48d3edc43b5e2f1c96f069 \
    --hash=sha256:ed76c584c99920e6c26673fad6fe4a4a87f3459254ea5d0d996c4f32537780a0 \
    --hash=sha256:f5a6cc5ac96043670faa0f5c0e56310315a4600cf7b764fee014e7dd75fda00f \
    --hash=sha256:f616d8a1512cb09d94fe604a23424d4b213d2e10d732987e106116f36ce08bc6
    # via -r archive/requirements-diarization.txt
sherpa-onnx-core==1.13.5 \
    --hash=sha256:12697ff5745e225157b3257fe638e8b6305b1860366b6387e7a586ee6de2b18b \
    --hash=sha256:485b20188ddf905ffbd7504ed456a05d0ff84d10c592a16c0adb7d69bb845f82 \
    --hash=sha256:4cd751063a378a49f0c72eba5ba959fe375397f5baf93a53f3db64097d00e2aa \
    --hash=sha256:6b2f19b7559ad278aa17af0b9f3917a90a37fef4501c04afb14e722f4848c9b7 \
    --hash=sha256:6bb5c460cd432293a290c861fbd519e30ac290ca84b5acd1c4447c22aef03351 \
    --hash=sha256:7e24d3ddbcb1e6447467b214ff1235dced21fa4107de5c55125fb3c95ff10501 \
    --hash=sha256:899e88916efd96ee1eabc512e9ceaf2fdb711b20b2512cf40358b623e90b5ded \
    --hash=sha256:a5380f4f8ec609e1c68f2052e34a55862098fa0efa0bba0af33adbdc0231fc4c \
    --hash=sha256:fb48f5b7b4596bb745e5dcbb04616d841712224cba652717a71a4551d8ee5b63
    # via sherpa-onnx
